// !$*UTF8*$!
{
	archiveVersion = 1;
	classes = {
	};
	objectVersion = 46;
	objects = {

/* Begin PBXBuildFile section */
		FF50FC13257C034200423A3B /* PlanetTableViewCell.swift in Sources */ = {isa = PBXBuildFile; fileRef = FF50FC12257C034200423A3B /* PlanetTableViewCell.swift */; };
		FF50FC15257C097A00423A3B /* PlanetTableViewController.swift in Sources */ = {isa = PBXBuildFile; fileRef = FF50FC14257C097A00423A3B /* PlanetTableViewController.swift */; };
		FF50FC1B257C29F900423A3B /* PlanetInformationTableViewController.swift in Sources */ = {isa = PBXBuildFile; fileRef = FF50FC1A257C29F900423A3B /* PlanetInformationTableViewController.swift */; };
		FF5205D3257D885600CAE073 /* PlanetInformationTableViewCell.swift in Sources */ = {isa = PBXBuildFile; fileRef = FF5205D2257D885600CAE073 /* PlanetInformationTableViewCell.swift */; };
		FFC9828F257AEDCF00340A5E /* AppDelegate.swift in Sources */ = {isa = PBXBuildFile; fileRef = FFC9828E257AEDCF00340A5E /* AppDelegate.swift */; };
		FFC98294257AEDCF00340A5E /* Main.storyboard in Resources */ = {isa = PBXBuildFile; fileRef = FFC98292257AEDCF00340A5E /* Main.storyboard */; };
		FFC98297257AEDCF00340A5E /* Planet_Information.xcdatamodeld in Sources */ = {isa = PBXBuildFile; fileRef = FFC98295257AEDCF00340A5E /* Planet_Information.xcdatamodeld */; };
		FFC98299257AEDCF00340A5E /* Assets.xcassets in Resources */ = {isa = PBXBuildFile; fileRef = FFC98298257AEDCF00340A5E /* Assets.xcassets */; };
		FFC9829C257AEDCF00340A5E /* LaunchScreen.storyboard in Resources */ = {isa = PBXBuildFile; fileRef = FFC9829A257AEDCF00340A5E /* LaunchScreen.storyboard */; };
		FFC982A6257AEEAB00340A5E /* Planets.swift in Sources */ = {isa = PBXBuildFile; fileRef = FFC982A5257AEEAB00340A5E /* Planets.swift */; };
/* End PBXBuildFile section */

/* Begin PBXFileReference section */
		FF50FC12257C034200423A3B /* PlanetTableViewCell.swift */ = {isa = PBXFileReference; fileEncoding = 4; lastKnownFileType = sourcecode.swift; path = PlanetTableViewCell.swift; sourceTree = "<group>"; };
		FF50FC14257C097A00423A3B /* PlanetTableViewController.swift */ = {isa = PBXFileReference; fileEncoding = 4; lastKnownFileType = sourcecode.swift; path = PlanetTableViewController.swift; sourceTree = "<group>"; };
		FF50FC1A257C29F900423A3B /* PlanetInformationTableViewController.swift */ = {isa = PBXFileReference; fileEncoding = 4; lastKnownFileType = sourcecode.swift; path = PlanetInformationTableViewController.swift; sourceTree = "<group>"; };
		FF5205D2257D885600CAE073 /* PlanetInformationTableViewCell.swift */ = {isa = PBXFileReference; fileEncoding = 4; lastKnownFileType = sourcecode.swift; path = PlanetInformationTableViewCell.swift; sourceTree = "<group>"; };
		FFC9828B257AEDCF00340A5E /* Planet_Information.app */ = {isa = PBXFileReference; explicitFileType = wrapper.application; includeInIndex = 0; path = Planet_Information.app; sourceTree = BUILT_PRODUCTS_DIR; };
		FFC9828E257AEDCF00340A5E /* AppDelegate.swift */ = {isa = PBXFileReference; lastKnownFileType = sourcecode.swift; path = AppDelegate.swift; sourceTree = "<group>"; };
		FFC98293257AEDCF00340A5E /* Base */ = {isa = PBXFileReference; lastKnownFileType = file.storyboard; name = Base; path = Base.lproj/Main.storyboard; sourceTree = "<group>"; };
		FFC98296257AEDCF00340A5E /* Planet_Information.xcdatamodel */ = {isa = PBXFileReference; lastKnownFileType = wrapper.xcdatamodel; path = Planet_Information.xcdatamodel; sourceTree = "<group>"; };
		FFC98298257AEDCF00340A5E /* Assets.xcassets */ = {isa = PBXFileReference; lastKnownFileType = folder.assetcatalog; path = Assets.xcassets; sourceTree = "<group>"; };
		FFC9829B257AEDCF00340A5E /* Base */ = {isa = PBXFileReference; lastKnownFileType = file.storyboard; name = Base; path = Base.lproj/LaunchScreen.storyboard; sourceTree = "<group>"; };
		FFC9829D257AEDCF00340A5E /* Info.plist */ = {isa = PBXFileReference; lastKnownFileType = text.plist.xml; path = Info.plist; sourceTree = "<group>"; };
		FFC982A5257AEEAB00340A5E /* Planets.swift */ = {isa = PBXFileReference; fileEncoding = 4; lastKnownFileType = sourcecode.swift; path = Planets.swift; sourceTree = "<group>"; };
/* End PBXFileReference section */

/* Begin PBXFrameworksBuildPhase section */
		FFC98288257AEDCF00340A5E /* Frameworks */ = {
			isa = PBXFrameworksBuildPhase;
			buildActionMask = 2147483647;
			files = (
			);
			runOnlyForDeploymentPostprocessing = 0;
		};
/* End PBXFrameworksBuildPhase section */

/* Begin PBXGroup section */
		FFC98282257AEDCF00340A5E = {
			isa = PBXGroup;
			children = (
				FFC9828D257AEDCF00340A5E /* Planet_Information */,
				FFC9828C257AEDCF00340A5E /* Products */,
			);
			sourceTree = "<group>";
		};
		FFC9828C257AEDCF00340A5E /* Products */ = {
			isa = PBXGroup;
			children = (
				FFC9828B257AEDCF00340A5E /* Planet_Information.app */,
			);
			name = Products;
			sourceTree = "<group>";
		};
		FFC9828D257AEDCF00340A5E /* Planet_Information */ = {
			isa = PBXGroup;
			children = (
				FFC98298257AEDCF00340A5E /* Assets.xcassets */,
				FFC98292257AEDCF00340A5E /* Main.storyboard */,
				FF50FC14257C097A00423A3B /* PlanetTableViewController.swift */,
				FF50FC12257C034200423A3B /* PlanetTableViewCell.swift */,
				FF50FC1A257C29F900423A3B /* PlanetInformationTableViewController.swift */,
				FF5205D2257D885600CAE073 /* PlanetInformationTableViewCell.swift */,
				FFC982A5257AEEAB00340A5E /* Planets.swift */,
				FFC9829A257AEDCF00340A5E /* LaunchScreen.storyboard */,
				FFC9829D257AEDCF00340A5E /* Info.plist */,
				FFC98295257AEDCF00340A5E /* Planet_Information.xcdatamodeld */,
				FFC9828E257AEDCF00340A5E /* AppDelegate.swift */,
			);
			path = Planet_Information;
			sourceTree = "<group>";
		};
/* End PBXGroup section */

/* Begin PBXNativeTarget section */
		FFC9828A257AEDCF00340A5E /* Planet_Information */ = {
			isa = PBXNativeTarget;
			buildConfigurationList = FFC982A0257AEDCF00340A5E /* Build configuration list for PBXNativeTarget "Planet_Information" */;
			buildPhases = (
				FFC98287257AEDCF00340A5E /* Sources */,
				FFC98288257AEDCF00340A5E /* Frameworks */,
				FFC98289257AEDCF00340A5E /* Resources */,
			);
			buildRules = (
			);
			dependencies = (
			);
			name = Planet_Information;
			productName = Planet_Information;
			productReference = FFC9828B257AEDCF00340A5E /* Planet_Information.app */;
			productType = "com.apple.product-type.application";
		};
/* End PBXNativeTarget section */

/* Begin PBXProject section */
		FFC98283257AEDCF00340A5E /* Project object */ = {
			isa = PBXProject;
			attributes = {
				LastSwiftUpdateCheck = 0710;
				LastUpgradeCheck = 0710;
				ORGANIZATIONNAME = "Chawan Saeed";
				TargetAttributes = {
					FFC9828A257AEDCF00340A5E = {
						CreatedOnToolsVersion = 7.1;
					};
				};
			};
			buildConfigurationList = FFC98286257AEDCF00340A5E /* Build configuration list for PBXProject "Planet_Information" */;
			compatibilityVersion = "Xcode 3.2";
			developmentRegion = English;
			hasScannedForEncodings = 0;
			knownRegions = (
				en,
				Base,
			);
			mainGroup = FFC98282257AEDCF00340A5E;
			productRefGroup = FFC9828C257AEDCF00340A5E /* Products */;
			projectDirPath = "";
			projectRoot = "";
			targets = (
				FFC9828A257AEDCF00340A5E /* Planet_Information */,
			);
		};
/* End PBXProject section */

/* Begin PBXResourcesBuildPhase section */
		FFC98289257AEDCF00340A5E /* Resources */ = {
			isa = PBXResourcesBuildPhase;
			buildActionMask = 2147483647;
			files = (
				FFC9829C257AEDCF00340A5E /* LaunchScreen.storyboard in Resources */,
				FFC98299257AEDCF00340A5E /* Assets.xcassets in Resources */,
				FFC98294257AEDCF00340A5E /* Main.storyboard in Resources */,
			);
			runOnlyForDeploymentPostprocessing = 0;
		};
/* End PBXResourcesBuildPhase section */

/* Begin PBXSourcesBuildPhase section */
		FFC98287257AEDCF00340A5E /* Sources */ = {
			isa = PBXSourcesBuildPhase;
			buildActionMask = 2147483647;
			files = (
				FFC982A6257AEEAB00340A5E /* Planets.swift in Sources */,
				FFC9828F257AEDCF00340A5E /* AppDelegate.swift in Sources */,
				FF50FC1B257C29F900423A3B /* PlanetInformationTableViewController.swift in Sources */,
				FFC98297257AEDCF00340A5E /* Planet_Information.xcdatamodeld in Sources */,
				FF50FC15257C097A00423A3B /* PlanetTableViewController.swift in Sources */,
				FF5205D3257D885600CAE073 /* PlanetInformationTableViewCell.swift in Sources */,
				FF50FC13257C034200423A3B /* PlanetTableViewCell.swift in Sources */,
			);
			runOnlyForDeploymentPostprocessing = 0;
		};
/* End PBXSourcesBuildPhase section */

/* Begin PBXVariantGroup section */
		FFC98292257AEDCF00340A5E /* Main.storyboard */ = {
			isa = PBXVariantGroup;
			children = (
				FFC98293257AEDCF00340A5E /* Base */,
			);
			name = Main.storyboard;
			sourceTree = "<group>";
		};
		FFC9829A257AEDCF00340A5E /* LaunchScreen.storyboard */ = {
			isa = PBXVariantGroup;
			children = (
				FFC9829B257AEDCF00340A5E /* Base */,
			);
			name = LaunchScreen.storyboard;
			sourceTree = "<group>";
		};
/* End PBXVariantGroup section */

/* Begin XCBuildConfiguration section */
		FFC9829E257AEDCF00340A5E /* Debug */ = {
			isa = XCBuildConfiguration;
			buildSettings = {
				ALWAYS_SEARCH_USER_PATHS = NO;
				CLANG_CXX_LANGUAGE_STANDARD = "gnu++0x";
				CLANG_CXX_LIBRARY = "libc++";
				CLANG_ENABLE_MODULES = YES;
				CLANG_ENABLE_OBJC_ARC = YES;
				CLANG_WARN_BOOL_CONVERSION = YES;
				CLANG_WARN_CONSTANT_CONVERSION = YES;
				CLANG_WARN_DIRECT_OBJC_ISA_USAGE = YES_ERROR;
				CLANG_WARN_EMPTY_BODY = YES;
				CLANG_WARN_ENUM_CONVERSION = YES;
				CLANG_WARN_INT_CONVERSION = YES;
				CLANG_WARN_OBJC_ROOT_CLASS = YES_ERROR;
				CLANG_WARN_UNREACHABLE_CODE = YES;
				CLANG_WARN__DUPLICATE_METHOD_MATCH = YES;
				"CODE_SIGN_IDENTITY[sdk=iphoneos*]" = "iPhone Developer";
				COPY_PHASE_STRIP = NO;
				DEBUG_INFORMATION_FORMAT = dwarf;
				ENABLE_STRICT_OBJC_MSGSEND = YES;
				ENABLE_TESTABILITY = YES;
				GCC_C_LANGUAGE_STANDARD = gnu99;
				GCC_DYNAMIC_NO_PIC = NO;
				GCC_NO_COMMON_BLOCKS = YES;
				GCC_OPTIMIZATION_LEVEL = 0;
				GCC_PREPROCESSOR_DEFINITIONS = (
					"DEBUG=1",
					"$(inherited)",
				);
				GCC_WARN_64_TO_32_BIT_CONVERSION = YES;
				GCC_WARN_ABOUT_RETURN_TYPE = YES_ERROR;
				GCC_WARN_UNDECLARED_SELECTOR = YES;
				GCC_WARN_UNINITIALIZED_AUTOS = YES_AGGRESSIVE;
				GCC_WARN_UNUSED_FUNCTION = YES;
				GCC_WARN_UNUSED_VARIABLE = YES;
				IPHONEOS_DEPLOYMENT_TARGET = 9.1;
				MTL_ENABLE_DEBUG_INFO = YES;
				ONLY_ACTIVE_ARCH = YES;
				SDKROOT = iphoneos;
				SWIFT_OPTIMIZATION_LEVEL = "-Onone";
				TARGETED_DEVICE_FAMILY = "1,2";
			};
			name = Debug;
		};
		FFC9829F257AEDCF00340A5E /* Release */ = {
			isa = XCBuildConfiguration;
			buildSettings = {
				ALWAYS_SEARCH_USER_PATHS = NO;
				CLANG_CXX_LANGUAGE_STANDARD = "gnu++0x";
				CLANG_CXX_LIBRARY = "libc++";
				CLANG_ENABLE_MODULES = YES;
				CLANG_ENABLE_OBJC_ARC = YES;
				CLANG_WARN_BOOL_CONVERSION = YES;
				CLANG_WARN_CONSTANT_CONVERSION = YES;
				CLANG_WARN_DIRECT_OBJC_ISA_USAGE = YES_ERROR;
				CLANG_WARN_EMPTY_BODY = YES;
				CLANG_WARN_ENUM_CONVERSION = YES;
				CLANG_WARN_INT_CONVERSION = YES;
				CLANG_WARN_OBJC_ROOT_CLASS = YES_ERROR;
				CLANG_WARN_UNREACHABLE_CODE = YES;
				CLANG_WARN__DUPLICATE_METHOD_MATCH = YES;
				"CODE_SIGN_IDENTITY[sdk=iphoneos*]" = "iPhone Developer";
				COPY_PHASE_STRIP = NO;
				DEBUG_INFORMATION_FORMAT = "dwarf-with-dsym";
				ENABLE_NS_ASSERTIONS = NO;
				ENABLE_STRICT_OBJC_MSGSEND = YES;
				GCC_C_LANGUAGE_STANDARD = gnu99;
				GCC_NO_COMMON_BLOCKS = YES;
				GCC_WARN_64_TO_32_BIT_CONVERSION = YES;
				GCC_WARN_ABOUT_RETURN_TYPE = YES_ERROR;
				GCC_WARN_UNDECLARED_SELECTOR = YES;
				GCC_WARN_UNINITIALIZED_AUTOS = YES_AGGRESSIVE;
				GCC_WARN_UNUSED_FUNCTION = YES;
				GCC_WARN_UNUSED_VARIABLE = YES;
				IPHONEOS_DEPLOYMENT_TARGET = 9.1;
				MTL_ENABLE_DEBUG_INFO = NO;
				SDKROOT = iphoneos;
				TARGETED_DEVICE_FAMILY = "1,2";
				VALIDATE_PRODUCT = YES;
			};
			name = Release;
		};
		FFC982A1257AEDCF00340A5E /* Debug */ = {
			isa = XCBuildConfiguration;
			buildSettings = {
				ASSETCATALOG_COMPILER_APPICON_NAME = AppIcon;
				INFOPLIST_FILE = Planet_Information/Info.plist;
				LD_RUNPATH_SEARCH_PATHS = "$(inherited) @executable_path/Frameworks";
				PRODUCT_BUNDLE_IDENTIFIER = "chawan.saeed.Planet-Information";
				PRODUCT_NAME = "$(TARGET_NAME)";
			};
			name = Debug;
		};
		FFC982A2257AEDCF00340A5E /* Release */ = {
			isa = XCBuildConfiguration;
			buildSettings = {
				ASSETCATALOG_COMPILER_APPICON_NAME = AppIcon;
				INFOPLIST_FILE = Planet_Information/Info.plist;
				LD_RUNPATH_SEARCH_PATHS = "$(inherited) @executable_path/Frameworks";
				PRODUCT_BUNDLE_IDENTIFIER = "chawan.saeed.Planet-Information";
				PRODUCT_NAME = "$(TARGET_NAME)";
			};
			name = Release;
		};
/* End XCBuildConfiguration section */

/* Begin XCConfigurationList section */
		FFC98286257AEDCF00340A5E /* Build configuration list for PBXProject "Planet_Information" */ = {
			isa = XCConfigurationList;
			buildConfigurations = (
				FFC9829E257AEDCF00340A5E /* Debug */,
				FFC9829F257AEDCF00340A5E /* Release */,
			);
			defaultConfigurationIsVisible = 0;
			defaultConfigurationName = Release;
		};
		FFC982A0257AEDCF00340A5E /* Build configuration list for PBXNativeTarget "Planet_Information" */ = {
			isa = XCConfigurationList;
			buildConfigurations = (
				FFC982A1257AEDCF00340A5E /* Debug */,
				FFC982A2257AEDCF00340A5E /* Release */,
			);
			defaultConfigurationIsVisible = 0;
			defaultConfigurationName = Release;
		};
/* End XCConfigurationList section */

/* Begin XCVersionGroup section */
		FFC98295257AEDCF00340A5E /* Planet_Information.xcdatamodeld */ = {
			isa = XCVersionGroup;
			children = (
				FFC98296257AEDCF00340A5E /* Planet_Information.xcdatamodel */,
			);
			currentVersion = FFC98296257AEDCF00340A5E /* Planet_Information.xcdatamodel */;
			path = Planet_Information.xcdatamodeld;
			sourceTree = "<group>";
			versionGroupType = wrapper.xcdatamodel;
		};
/* End XCVersionGroup section */
	};
	rootObject = FFC98283257AEDCF00340A5E /* Project object */;
}
